
Microsoft Visual Studio Solution File, Format Version 12.00
# Visual Studio 15
VisualStudioVersion = 15.0.28010.2016
MinimumVisualStudioVersion = 10.0.40219.1
Project("{FAE04EC0-301F-11D3-BF4B-00C04F79EFBC}") = "Capitulo5-8", "Capitulo5-8\Capitulo5-8.csproj", "{90008D44-743F-4944-9BA4-E606622B96FD}"
EndProject
Global
	GlobalSection(SolutionConfigurationPlatforms) = preSolution
		Debug|Any CPU = Debug|Any CPU
		Release|Any CPU = Release|Any CPU
	EndGlobalSection
	GlobalSection(ProjectConfigurationPlatforms) = postSolution
		{90008D44-743F-4944-9BA4-E606622B96FD}.Debug|Any CPU.ActiveCfg = Debug|Any CPU
		{90008D44-743F-4944-9BA4-E606622B96FD}.Debug|Any CPU.Build.0 = Debug|Any CPU
		{90008D44-743F-4944-9BA4-E606622B96FD}.Release|Any CPU.ActiveCfg = Release|Any CPU
		{90008D44-743F-4944-9BA4-E606622B96FD}.Release|Any CPU.Build.0 = Release|Any CPU
	EndGlobalSection
	GlobalSection(SolutionProperties) = preSolution
		HideSolutionNode = FALSE
	EndGlobalSection
	GlobalSection(ExtensibilityGlobals) = postSolution
		SolutionGuid = {1B4EBA3B-05BD-4414-B8D3-29B8E04D6B71}
	EndGlobalSection
EndGlobal
